
Microsoft Visual Studio Solution File, Format Version 12.00
# Visual Studio 2012
Project("{FAE04EC0-301F-11D3-BF4B-00C04F79EFBC}") = "TeamProject1.0", "TeamProject1.0\TeamProject1.0.csproj", "{E08794FF-DC9C-4CED-AA36-A5A191578F2A}"
EndProject
Global
	GlobalSection(SolutionConfigurationPlatforms) = preSolution
		Debug|Any CPU = Debug|Any CPU
		Release|Any CPU = Release|Any CPU
	EndGlobalSection
	GlobalSection(ProjectConfigurationPlatforms) = postSolution
		{E08794FF-DC9C-4CED-AA36-A5A191578F2A}.Debug|Any CPU.ActiveCfg = Debug|Any CPU
		{E08794FF-DC9C-4CED-AA36-A5A191578F2A}.Debug|Any CPU.Build.0 = Debug|Any CPU
		{E08794FF-DC9C-4CED-AA36-A5A191578F2A}.Release|Any CPU.ActiveCfg = Release|Any CPU
		{E08794FF-DC9C-4CED-AA36-A5A191578F2A}.Release|Any CPU.Build.0 = Release|Any CPU
	EndGlobalSection
	GlobalSection(SolutionProperties) = preSolution
		HideSolutionNode = FALSE
	EndGlobalSection
EndGlobal
